
Microsoft Visual Studio Solution File, Format Version 12.00
# Visual Studio Version 17
VisualStudioVersion = 17.0.32014.148
MinimumVisualStudioVersion = 10.0.40219.1
Project("{8BC9CEB8-8B4A-11D0-8D11-00A0C91BC942}") = "NativeLibrary", "NativeLibrary\NativeLibrary.vcxproj", "{C27CB058-F20D-43BF-AD2C-1F1414610ED4}"
EndProject
Project("{FAE04EC0-301F-11D3-BF4B-00C04F79EFBC}") = "ConsoleApplication", "ConsoleApplication\ConsoleApplication.csproj", "{3F6A23BB-BEDF-4E9C-80BB-8F01B7647009}"
	ProjectSection(ProjectDependencies) = postProject
		{C27CB058-F20D-43BF-AD2C-1F1414610ED4} = {C27CB058-F20D-43BF-AD2C-1F1414610ED4}
	EndProjectSection
EndProject
Global
	GlobalSection(SolutionConfigurationPlatforms) = preSolution
		Debug|Any CPU = Debug|Any CPU
		Debug|x64 = Debug|x64
		Debug|x86 = Debug|x86
		Release|Any CPU = Release|Any CPU
		Release|x64 = Release|x64
		Release|x86 = Release|x86
	EndGlobalSection
	GlobalSection(ProjectConfigurationPlatforms) = postSolution
		{C27CB058-F20D-43BF-AD2C-1F1414610ED4}.Debug|Any CPU.ActiveCfg = Debug|x64
		{C27CB058-F20D-43BF-AD2C-1F1414610ED4}.Debug|Any CPU.Build.0 = Debug|x64
		{C27CB058-F20D-43BF-AD2C-1F1414610ED4}.Debug|x64.ActiveCfg = Debug|x64
		{C27CB058-F20D-43BF-AD2C-1F1414610ED4}.Debug|x64.Build.0 = Debug|x64
		{C27CB058-F20D-43BF-AD2C-1F1414610ED4}.Debug|x86.ActiveCfg = Debug|Win32
		{C27CB058-F20D-43BF-AD2C-1F1414610ED4}.Debug|x86.Build.0 = Debug|Win32
		{C27CB058-F20D-43BF-AD2C-1F1414610ED4}.Release|Any CPU.ActiveCfg = Release|x64
		{C27CB058-F20D-43BF-AD2C-1F1414610ED4}.Release|Any CPU.Build.0 = Release|x64
		{C27CB058-F20D-43BF-AD2C-1F1414610ED4}.Release|x64.ActiveCfg = Release|x64
		{C27CB058-F20D-43BF-AD2C-1F1414610ED4}.Release|x64.Build.0 = Release|x64
		{C27CB058-F20D-43BF-AD2C-1F1414610ED4}.Release|x86.ActiveCfg = Release|Win32
		{C27CB058-F20D-43BF-AD2C-1F1414610ED4}.Release|x86.Build.0 = Release|Win32
		{3F6A23BB-BEDF-4E9C-80BB-8F01B7647009}.Debug|Any CPU.ActiveCfg = Debug|Any CPU
		{3F6A23BB-BEDF-4E9C-80BB-8F01B7647009}.Debug|Any CPU.Build.0 = Debug|Any CPU
		{3F6A23BB-BEDF-4E9C-80BB-8F01B7647009}.Debug|x64.ActiveCfg = Debug|x64
		{3F6A23BB-BEDF-4E9C-80BB-8F01B7647009}.Debug|x64.Build.0 = Debug|x64
		{3F6A23BB-BEDF-4E9C-80BB-8F01B7647009}.Debug|x86.ActiveCfg = Debug|Any CPU
		{3F6A23BB-BEDF-4E9C-80BB-8F01B7647009}.Debug|x86.Build.0 = Debug|Any CPU
		{3F6A23BB-BEDF-4E9C-80BB-8F01B7647009}.Release|Any CPU.ActiveCfg = Release|Any CPU
		{3F6A23BB-BEDF-4E9C-80BB-8F01B7647009}.Release|Any CPU.Build.0 = Release|Any CPU
		{3F6A23BB-BEDF-4E9C-80BB-8F01B7647009}.Release|x64.ActiveCfg = Release|Any CPU
		{3F6A23BB-BEDF-4E9C-80BB-8F01B7647009}.Release|x64.Build.0 = Release|Any CPU
		{3F6A23BB-BEDF-4E9C-80BB-8F01B7647009}.Release|x86.ActiveCfg = Release|Any CPU
		{3F6A23BB-BEDF-4E9C-80BB-8F01B7647009}.Release|x86.Build.0 = Release|Any CPU
	EndGlobalSection
	GlobalSection(SolutionProperties) = preSolution
		HideSolutionNode = FALSE
	EndGlobalSection
	GlobalSection(ExtensibilityGlobals) = postSolution
		SolutionGuid = {E17BC74B-AC71-452B-8AED-CE8270DC263D}
	EndGlobalSection
EndGlobal
